dependencies:
  espressif/bh1750:
    component_hash: c8cae6dca70fd5fdf5943ae37efbbea6cc41bcb784506e61ea301b3e94dce74b
    dependencies:
    - name: idf
      registry_url: https://components.espressif.com
      require: private
      version: '>=4.0'
    source:
      registry_url: https://components.espressif.com/
      type: service
    version: 1.0.3
  espressif/mdns:
    component_hash: af6306fe65d637a3683d1cf671508fcedd6b05f9ca029a8815abeab64001fb8d
    dependencies:
    - name: idf
      registry_url: https://components.espressif.com
      require: private
      version: '>=5.0'
    source:
      registry_url: https://components.espressif.com/
      type: service
    version: 1.4.0
  idf:
    source:
      type: idf
    version: 5.3.1
  zorxx/dht:
    component_hash: 6a5e699b15509d99b90352694e23beb6646855486eb3bafefd1d50058d474e98
    dependencies: []
    source:
      registry_url: https://components.espressif.com/
      type: service
    version: 1.0.1
direct_dependencies:
- espressif/bh1750
- espressif/mdns
- idf
- zorxx/dht
manifest_hash: b5aa541c06d6c7708ac83dd2e1259031a2d8e948136e593d369599e7a072ca47
target: esp32
version: 2.0.0
